// !$*UTF8*$!
{
	archiveVersion = 1;
	classes = {
	};
	objectVersion = 50;
	objects = {

/* Begin PBXBuildFile section */
		52C6E77E24606BE300B06D6A /* AppDelegate.swift in Sources */ = {isa = PBXBuildFile; fileRef = 52C6E77D24606BE300B06D6A /* AppDelegate.swift */; };
		52C6E78024606BE300B06D6A /* SceneDelegate.swift in Sources */ = {isa = PBXBuildFile; fileRef = 52C6E77F24606BE300B06D6A /* SceneDelegate.swift */; };
		52C6E78724606BE400B06D6A /* Assets.xcassets in Resources */ = {isa = PBXBuildFile; fileRef = 52C6E78624606BE400B06D6A /* Assets.xcassets */; };
		52C6E78A24606BE400B06D6A /* LaunchScreen.storyboard in Resources */ = {isa = PBXBuildFile; fileRef = 52C6E78824606BE400B06D6A /* LaunchScreen.storyboard */; };
		52C6E7B524606CC300B06D6A /* Login.storyboard in Resources */ = {isa = PBXBuildFile; fileRef = 52C6E7B424606CC300B06D6A /* Login.storyboard */; };
		52C6E7B724606CD700B06D6A /* LoginViewController.swift in Sources */ = {isa = PBXBuildFile; fileRef = 52C6E7B624606CD700B06D6A /* LoginViewController.swift */; };
		52C6E7BD24609FB500B06D6A /* QuizList.storyboard in Resources */ = {isa = PBXBuildFile; fileRef = 52C6E7BC24609FB500B06D6A /* QuizList.storyboard */; };
		52C6E7BF24609FDA00B06D6A /* QuizListViewController.swift in Sources */ = {isa = PBXBuildFile; fileRef = 52C6E7BE24609FDA00B06D6A /* QuizListViewController.swift */; };
		52C6E7C124609FF800B06D6A /* QuestionView.xib in Resources */ = {isa = PBXBuildFile; fileRef = 52C6E7C024609FF800B06D6A /* QuestionView.xib */; };
		52E597FB24616FDC009960E3 /* QuizViewCell.swift in Sources */ = {isa = PBXBuildFile; fileRef = 52E597FA24616FDC009960E3 /* QuizViewCell.swift */; };
		52EA18BC2464106E00653A8C /* UserService.swift in Sources */ = {isa = PBXBuildFile; fileRef = 52EA18BB2464106E00653A8C /* UserService.swift */; };
		52EA18BE24641A7F00653A8C /* User.swift in Sources */ = {isa = PBXBuildFile; fileRef = 52EA18BD24641A7F00653A8C /* User.swift */; };
		52FDAF042461BFFE00F7C5F2 /* Quiz.storyboard in Resources */ = {isa = PBXBuildFile; fileRef = 52FDAF032461BFFE00F7C5F2 /* Quiz.storyboard */; };
		52FDAF062461C02B00F7C5F2 /* QuizViewController.swift in Sources */ = {isa = PBXBuildFile; fileRef = 52FDAF052461C02B00F7C5F2 /* QuizViewController.swift */; };
/* End PBXBuildFile section */

/* Begin PBXFileReference section */
		52C6E77A24606BE300B06D6A /* QuizApp.app */ = {isa = PBXFileReference; explicitFileType = wrapper.application; includeInIndex = 0; path = QuizApp.app; sourceTree = BUILT_PRODUCTS_DIR; };
		52C6E77D24606BE300B06D6A /* AppDelegate.swift */ = {isa = PBXFileReference; lastKnownFileType = sourcecode.swift; path = AppDelegate.swift; sourceTree = "<group>"; };
		52C6E77F24606BE300B06D6A /* SceneDelegate.swift */ = {isa = PBXFileReference; lastKnownFileType = sourcecode.swift; path = SceneDelegate.swift; sourceTree = "<group>"; };
		52C6E78624606BE400B06D6A /* Assets.xcassets */ = {isa = PBXFileReference; lastKnownFileType = folder.assetcatalog; path = Assets.xcassets; sourceTree = "<group>"; };
		52C6E78924606BE400B06D6A /* Base */ = {isa = PBXFileReference; lastKnownFileType = file.storyboard; name = Base; path = Base.lproj/LaunchScreen.storyboard; sourceTree = "<group>"; };
		52C6E78B24606BE400B06D6A /* Info.plist */ = {isa = PBXFileReference; lastKnownFileType = text.plist.xml; path = Info.plist; sourceTree = "<group>"; };
		52C6E7B424606CC300B06D6A /* Login.storyboard */ = {isa = PBXFileReference; lastKnownFileType = file.storyboard; path = Login.storyboard; sourceTree = "<group>"; };
		52C6E7B624606CD700B06D6A /* LoginViewController.swift */ = {isa = PBXFileReference; lastKnownFileType = sourcecode.swift; path = LoginViewController.swift; sourceTree = "<group>"; };
		52C6E7BC24609FB500B06D6A /* QuizList.storyboard */ = {isa = PBXFileReference; lastKnownFileType = file.storyboard; path = QuizList.storyboard; sourceTree = "<group>"; };
		52C6E7BE24609FDA00B06D6A /* QuizListViewController.swift */ = {isa = PBXFileReference; lastKnownFileType = sourcecode.swift; path = QuizListViewController.swift; sourceTree = "<group>"; };
		52C6E7C024609FF800B06D6A /* QuestionView.xib */ = {isa = PBXFileReference; lastKnownFileType = file.xib; path = QuestionView.xib; sourceTree = "<group>"; };
		52E597FA24616FDC009960E3 /* QuizViewCell.swift */ = {isa = PBXFileReference; lastKnownFileType = sourcecode.swift; path = QuizViewCell.swift; sourceTree = "<group>"; };
		52EA18BB2464106E00653A8C /* UserService.swift */ = {isa = PBXFileReference; lastKnownFileType = sourcecode.swift; path = UserService.swift; sourceTree = "<group>"; };
		52EA18BD24641A7F00653A8C /* User.swift */ = {isa = PBXFileReference; lastKnownFileType = sourcecode.swift; path = User.swift; sourceTree = "<group>"; };
		52FDAF032461BFFE00F7C5F2 /* Quiz.storyboard */ = {isa = PBXFileReference; lastKnownFileType = file.storyboard; path = Quiz.storyboard; sourceTree = "<group>"; };
		52FDAF052461C02B00F7C5F2 /* QuizViewController.swift */ = {isa = PBXFileReference; lastKnownFileType = sourcecode.swift; path = QuizViewController.swift; sourceTree = "<group>"; };
/* End PBXFileReference section */

/* Begin PBXFrameworksBuildPhase section */
		52C6E77724606BE300B06D6A /* Frameworks */ = {
			isa = PBXFrameworksBuildPhase;
			buildActionMask = 2147483647;
			files = (
			);
			runOnlyForDeploymentPostprocessing = 0;
		};
/* End PBXFrameworksBuildPhase section */

/* Begin PBXGroup section */
		52C6E77124606BE300B06D6A = {
			isa = PBXGroup;
			children = (
				52C6E77C24606BE300B06D6A /* QuizApp */,
				52C6E77B24606BE300B06D6A /* Products */,
			);
			sourceTree = "<group>";
		};
		52C6E77B24606BE300B06D6A /* Products */ = {
			isa = PBXGroup;
			children = (
				52C6E77A24606BE300B06D6A /* QuizApp.app */,
			);
			name = Products;
			sourceTree = "<group>";
		};
		52C6E77C24606BE300B06D6A /* QuizApp */ = {
			isa = PBXGroup;
			children = (
				52C6E7B224606CA400B06D6A /* Login */,
				52C6E7B324606CAB00B06D6A /* QuizList */,
				52FDAF022461BF5800F7C5F2 /* Quiz */,
				52EA18B32464007A00653A8C /* Model */,
				52EA18B42464008800653A8C /* Services */,
				52C6E7B124606C9700B06D6A /* Support Files */,
				52C6E78B24606BE400B06D6A /* Info.plist */,
			);
			path = QuizApp;
			sourceTree = "<group>";
		};
		52C6E7B124606C9700B06D6A /* Support Files */ = {
			isa = PBXGroup;
			children = (
				52C6E77D24606BE300B06D6A /* AppDelegate.swift */,
				52C6E77F24606BE300B06D6A /* SceneDelegate.swift */,
				52C6E78624606BE400B06D6A /* Assets.xcassets */,
				52C6E78824606BE400B06D6A /* LaunchScreen.storyboard */,
			);
			path = "Support Files";
			sourceTree = "<group>";
		};
		52C6E7B224606CA400B06D6A /* Login */ = {
			isa = PBXGroup;
			children = (
				52C6E7B424606CC300B06D6A /* Login.storyboard */,
				52C6E7B624606CD700B06D6A /* LoginViewController.swift */,
			);
			path = Login;
			sourceTree = "<group>";
		};
		52C6E7B324606CAB00B06D6A /* QuizList */ = {
			isa = PBXGroup;
			children = (
				52C6E7BC24609FB500B06D6A /* QuizList.storyboard */,
				52C6E7BE24609FDA00B06D6A /* QuizListViewController.swift */,
				52E597FA24616FDC009960E3 /* QuizViewCell.swift */,
			);
			path = QuizList;
			sourceTree = "<group>";
		};
		52EA18B32464007A00653A8C /* Model */ = {
			isa = PBXGroup;
			children = (
				52EA18BD24641A7F00653A8C /* User.swift */,
			);
			path = Model;
			sourceTree = "<group>";
		};
		52EA18B42464008800653A8C /* Services */ = {
			isa = PBXGroup;
			children = (
				52EA18BB2464106E00653A8C /* UserService.swift */,
			);
			path = Services;
			sourceTree = "<group>";
		};
		52FDAF022461BF5800F7C5F2 /* Quiz */ = {
			isa = PBXGroup;
			children = (
				52FDAF032461BFFE00F7C5F2 /* Quiz.storyboard */,
				52FDAF052461C02B00F7C5F2 /* QuizViewController.swift */,
				52C6E7C024609FF800B06D6A /* QuestionView.xib */,
			);
			path = Quiz;
			sourceTree = "<group>";
		};
/* End PBXGroup section */

/* Begin PBXNativeTarget section */
		52C6E77924606BE300B06D6A /* QuizApp */ = {
			isa = PBXNativeTarget;
			buildConfigurationList = 52C6E78E24606BE400B06D6A /* Build configuration list for PBXNativeTarget "QuizApp" */;
			buildPhases = (
				52C6E77624606BE300B06D6A /* Sources */,
				52C6E77724606BE300B06D6A /* Frameworks */,
				52C6E77824606BE300B06D6A /* Resources */,
			);
			buildRules = (
			);
			dependencies = (
			);
			name = QuizApp;
			productName = QuizApp;
			productReference = 52C6E77A24606BE300B06D6A /* QuizApp.app */;
			productType = "com.apple.product-type.application";
		};
/* End PBXNativeTarget section */

/* Begin PBXProject section */
		52C6E77224606BE300B06D6A /* Project object */ = {
			isa = PBXProject;
			attributes = {
				LastSwiftUpdateCheck = 1140;
				LastUpgradeCheck = 1140;
				ORGANIZATIONNAME = "Nina Kolarec";
				TargetAttributes = {
					52C6E77924606BE300B06D6A = {
						CreatedOnToolsVersion = 11.4.1;
					};
				};
			};
			buildConfigurationList = 52C6E77524606BE300B06D6A /* Build configuration list for PBXProject "QuizApp" */;
			compatibilityVersion = "Xcode 9.3";
			developmentRegion = en;
			hasScannedForEncodings = 0;
			knownRegions = (
				en,
				Base,
			);
			mainGroup = 52C6E77124606BE300B06D6A;
			productRefGroup = 52C6E77B24606BE300B06D6A /* Products */;
			projectDirPath = "";
			projectRoot = "";
			targets = (
				52C6E77924606BE300B06D6A /* QuizApp */,
			);
		};
/* End PBXProject section */

/* Begin PBXResourcesBuildPhase section */
		52C6E77824606BE300B06D6A /* Resources */ = {
			isa = PBXResourcesBuildPhase;
			buildActionMask = 2147483647;
			files = (
				52C6E7C124609FF800B06D6A /* QuestionView.xib in Resources */,
				52C6E7B524606CC300B06D6A /* Login.storyboard in Resources */,
				52C6E78A24606BE400B06D6A /* LaunchScreen.storyboard in Resources */,
				52C6E78724606BE400B06D6A /* Assets.xcassets in Resources */,
				52C6E7BD24609FB500B06D6A /* QuizList.storyboard in Resources */,
				52FDAF042461BFFE00F7C5F2 /* Quiz.storyboard in Resources */,
			);
			runOnlyForDeploymentPostprocessing = 0;
		};
/* End PBXResourcesBuildPhase section */

/* Begin PBXSourcesBuildPhase section */
		52C6E77624606BE300B06D6A /* Sources */ = {
			isa = PBXSourcesBuildPhase;
			buildActionMask = 2147483647;
			files = (
				52EA18BC2464106E00653A8C /* UserService.swift in Sources */,
				52C6E7B724606CD700B06D6A /* LoginViewController.swift in Sources */,
				52E597FB24616FDC009960E3 /* QuizViewCell.swift in Sources */,
				52C6E7BF24609FDA00B06D6A /* QuizListViewController.swift in Sources */,
				52EA18BE24641A7F00653A8C /* User.swift in Sources */,
				52FDAF062461C02B00F7C5F2 /* QuizViewController.swift in Sources */,
				52C6E77E24606BE300B06D6A /* AppDelegate.swift in Sources */,
				52C6E78024606BE300B06D6A /* SceneDelegate.swift in Sources */,
			);
			runOnlyForDeploymentPostprocessing = 0;
		};
/* End PBXSourcesBuildPhase section */

/* Begin PBXVariantGroup section */
		52C6E78824606BE400B06D6A /* LaunchScreen.storyboard */ = {
			isa = PBXVariantGroup;
			children = (
				52C6E78924606BE400B06D6A /* Base */,
			);
			name = LaunchScreen.storyboard;
			sourceTree = "<group>";
		};
/* End PBXVariantGroup section */

/* Begin XCBuildConfiguration section */
		52C6E78C24606BE400B06D6A /* Debug */ = {
			isa = XCBuildConfiguration;
			buildSettings = {
				ALWAYS_SEARCH_USER_PATHS = NO;
				CLANG_ANALYZER_NONNULL = YES;
				CLANG_ANALYZER_NUMBER_OBJECT_CONVERSION = YES_AGGRESSIVE;
				CLANG_CXX_LANGUAGE_STANDARD = "gnu++14";
				CLANG_CXX_LIBRARY = "libc++";
				CLANG_ENABLE_MODULES = YES;
				CLANG_ENABLE_OBJC_ARC = YES;
				CLANG_ENABLE_OBJC_WEAK = YES;
				CLANG_WARN_BLOCK_CAPTURE_AUTORELEASING = YES;
				CLANG_WARN_BOOL_CONVERSION = YES;
				CLANG_WARN_COMMA = YES;
				CLANG_WARN_CONSTANT_CONVERSION = YES;
				CLANG_WARN_DEPRECATED_OBJC_IMPLEMENTATIONS = YES;
				CLANG_WARN_DIRECT_OBJC_ISA_USAGE = YES_ERROR;
				CLANG_WARN_DOCUMENTATION_COMMENTS = YES;
				CLANG_WARN_EMPTY_BODY = YES;
				CLANG_WARN_ENUM_CONVERSION = YES;
				CLANG_WARN_INFINITE_RECURSION = YES;
				CLANG_WARN_INT_CONVERSION = YES;
				CLANG_WARN_NON_LITERAL_NULL_CONVERSION = YES;
				CLANG_WARN_OBJC_IMPLICIT_RETAIN_SELF = YES;
				CLANG_WARN_OBJC_LITERAL_CONVERSION = YES;
				CLANG_WARN_OBJC_ROOT_CLASS = YES_ERROR;
				CLANG_WARN_RANGE_LOOP_ANALYSIS = YES;
				CLANG_WARN_STRICT_PROTOTYPES = YES;
				CLANG_WARN_SUSPICIOUS_MOVE = YES;
				CLANG_WARN_UNGUARDED_AVAILABILITY = YES_AGGRESSIVE;
				CLANG_WARN_UNREACHABLE_CODE = YES;
				CLANG_WARN__DUPLICATE_METHOD_MATCH = YES;
				COPY_PHASE_STRIP = NO;
				DEBUG_INFORMATION_FORMAT = dwarf;
				ENABLE_STRICT_OBJC_MSGSEND = YES;
				ENABLE_TESTABILITY = YES;
				GCC_C_LANGUAGE_STANDARD = gnu11;
				GCC_DYNAMIC_NO_PIC = NO;
				GCC_NO_COMMON_BLOCKS = YES;
				GCC_OPTIMIZATION_LEVEL = 0;
				GCC_PREPROCESSOR_DEFINITIONS = (
					"DEBUG=1",
					"$(inherited)",
				);
				GCC_WARN_64_TO_32_BIT_CONVERSION = YES;
				GCC_WARN_ABOUT_RETURN_TYPE = YES_ERROR;
				GCC_WARN_UNDECLARED_SELECTOR = YES;
				GCC_WARN_UNINITIALIZED_AUTOS = YES_AGGRESSIVE;
				GCC_WARN_UNUSED_FUNCTION = YES;
				GCC_WARN_UNUSED_VARIABLE = YES;
				IPHONEOS_DEPLOYMENT_TARGET = 13.4;
				MTL_ENABLE_DEBUG_INFO = INCLUDE_SOURCE;
				MTL_FAST_MATH = YES;
				ONLY_ACTIVE_ARCH = YES;
				SDKROOT = iphoneos;
				SWIFT_ACTIVE_COMPILATION_CONDITIONS = DEBUG;
				SWIFT_OPTIMIZATION_LEVEL = "-Onone";
			};
			name = Debug;
		};
		52C6E78D24606BE400B06D6A /* Release */ = {
			isa = XCBuildConfiguration;
			buildSettings = {
				ALWAYS_SEARCH_USER_PATHS = NO;
				CLANG_ANALYZER_NONNULL = YES;
				CLANG_ANALYZER_NUMBER_OBJECT_CONVERSION = YES_AGGRESSIVE;
				CLANG_CXX_LANGUAGE_STANDARD = "gnu++14";
				CLANG_CXX_LIBRARY = "libc++";
				CLANG_ENABLE_MODULES = YES;
				CLANG_ENABLE_OBJC_ARC = YES;
				CLANG_ENABLE_OBJC_WEAK = YES;
				CLANG_WARN_BLOCK_CAPTURE_AUTORELEASING = YES;
				CLANG_WARN_BOOL_CONVERSION = YES;
				CLANG_WARN_COMMA = YES;
				CLANG_WARN_CONSTANT_CONVERSION = YES;
				CLANG_WARN_DEPRECATED_OBJC_IMPLEMENTATIONS = YES;
				CLANG_WARN_DIRECT_OBJC_ISA_USAGE = YES_ERROR;
				CLANG_WARN_DOCUMENTATION_COMMENTS = YES;
				CLANG_WARN_EMPTY_BODY = YES;
				CLANG_WARN_ENUM_CONVERSION = YES;
				CLANG_WARN_INFINITE_RECURSION = YES;
				CLANG_WARN_INT_CONVERSION = YES;
				CLANG_WARN_NON_LITERAL_NULL_CONVERSION = YES;
				CLANG_WARN_OBJC_IMPLICIT_RETAIN_SELF = YES;
				CLANG_WARN_OBJC_LITERAL_CONVERSION = YES;
				CLANG_WARN_OBJC_ROOT_CLASS = YES_ERROR;
				CLANG_WARN_RANGE_LOOP_ANALYSIS = YES;
				CLANG_WARN_STRICT_PROTOTYPES = YES;
				CLANG_WARN_SUSPICIOUS_MOVE = YES;
				CLANG_WARN_UNGUARDED_AVAILABILITY = YES_AGGRESSIVE;
				CLANG_WARN_UNREACHABLE_CODE = YES;
				CLANG_WARN__DUPLICATE_METHOD_MATCH = YES;
				COPY_PHASE_STRIP = NO;
				DEBUG_INFORMATION_FORMAT = "dwarf-with-dsym";
				ENABLE_NS_ASSERTIONS = NO;
				ENABLE_STRICT_OBJC_MSGSEND = YES;
				GCC_C_LANGUAGE_STANDARD = gnu11;
				GCC_NO_COMMON_BLOCKS = YES;
				GCC_WARN_64_TO_32_BIT_CONVERSION = YES;
				GCC_WARN_ABOUT_RETURN_TYPE = YES_ERROR;
				GCC_WARN_UNDECLARED_SELECTOR = YES;
				GCC_WARN_UNINITIALIZED_AUTOS = YES_AGGRESSIVE;
				GCC_WARN_UNUSED_FUNCTION = YES;
				GCC_WARN_UNUSED_VARIABLE = YES;
				IPHONEOS_DEPLOYMENT_TARGET = 13.4;
				MTL_ENABLE_DEBUG_INFO = NO;
				MTL_FAST_MATH = YES;
				SDKROOT = iphoneos;
				SWIFT_COMPILATION_MODE = wholemodule;
				SWIFT_OPTIMIZATION_LEVEL = "-O";
				VALIDATE_PRODUCT = YES;
			};
			name = Release;
		};
		52C6E78F24606BE400B06D6A /* Debug */ = {
			isa = XCBuildConfiguration;
			buildSettings = {
				ASSETCATALOG_COMPILER_APPICON_NAME = AppIcon;
				CODE_SIGN_STYLE = Automatic;
				INFOPLIST_FILE = QuizApp/Info.plist;
				LD_RUNPATH_SEARCH_PATHS = (
					"$(inherited)",
					"@executable_path/Frameworks",
				);
				PRODUCT_BUNDLE_IDENTIFIER = hr.fer.kolarec.nina.QuizApp;
				PRODUCT_NAME = "$(TARGET_NAME)";
				SWIFT_VERSION = 5.0;
				TARGETED_DEVICE_FAMILY = "1,2";
			};
			name = Debug;
		};
		52C6E79024606BE400B06D6A /* Release */ = {
			isa = XCBuildConfiguration;
			buildSettings = {
				ASSETCATALOG_COMPILER_APPICON_NAME = AppIcon;
				CODE_SIGN_STYLE = Automatic;
				INFOPLIST_FILE = QuizApp/Info.plist;
				LD_RUNPATH_SEARCH_PATHS = (
					"$(inherited)",
					"@executable_path/Frameworks",
				);
				PRODUCT_BUNDLE_IDENTIFIER = hr.fer.kolarec.nina.QuizApp;
				PRODUCT_NAME = "$(TARGET_NAME)";
				SWIFT_VERSION = 5.0;
				TARGETED_DEVICE_FAMILY = "1,2";
			};
			name = Release;
		};
/* End XCBuildConfiguration section */

/* Begin XCConfigurationList section */
		52C6E77524606BE300B06D6A /* Build configuration list for PBXProject "QuizApp" */ = {
			isa = XCConfigurationList;
			buildConfigurations = (
				52C6E78C24606BE400B06D6A /* Debug */,
				52C6E78D24606BE400B06D6A /* Release */,
			);
			defaultConfigurationIsVisible = 0;
			defaultConfigurationName = Release;
		};
		52C6E78E24606BE400B06D6A /* Build configuration list for PBXNativeTarget "QuizApp" */ = {
			isa = XCConfigurationList;
			buildConfigurations = (
				52C6E78F24606BE400B06D6A /* Debug */,
				52C6E79024606BE400B06D6A /* Release */,
			);
			defaultConfigurationIsVisible = 0;
			defaultConfigurationName = Release;
		};
/* End XCConfigurationList section */
	};
	rootObject = 52C6E77224606BE300B06D6A /* Project object */;
}
